dependencies:
- name: accounts-service
  repository: file://../accounts-service
  version: 0.1.1
- name: auth-server
  repository: file://../auth-server
  version: 0.1.0
- name: blocker-service
  repository: file://../blocker-service
  version: 0.1.0
- name: cash-service
  repository: file://../cash-service
  version: 0.1.0
- name: exchange-generator-service
  repository: file://../exchange-generator-service
  version: 0.1.0
- name: exchange-service
  repository: file://../exchange-service
  version: 0.1.0
- name: front-ui
  repository: file://../front-ui
  version: 0.1.0
- name: notifications-service
  repository: file://../notifications-service
  version: 0.1.0
digest: sha256:e70a1dded9c585b4ca832bb930aa1324bea11f6cfb158efcb5931f04ed63365e
generated: "2025-12-04T22:38:52.229799088+03:00"
