dependencies:
- name: accounts-service
  repository: file://../accounts-service
  version: 0.1.1
- name: auth-server
  repository: file://../auth-server
  version: 0.1.0
- name: blocker-service
  repository: file://../blocker-service
  version: 0.1.0
- name: cash-service
  repository: file://../cash-service
  version: 0.1.0
- name: exchange-generator-service
  repository: file://../exchange-generator-service
  version: 0.1.0
- name: exchange-service
  repository: file://../exchange-service
  version: 0.1.0
- name: front-ui
  repository: file://../front-ui
  version: 0.1.0
- name: notifications-service
  repository: file://../notifications-service
  version: 0.1.0
- name: transfer-service
  repository: file://../transfer-service
  version: 0.1.0
- name: kafka
  repository: oci://registry-1.docker.io/bitnamicharts
  version: 30.1.5
- name: kube-prometheus-stack
  repository: https://prometheus-community.github.io/helm-charts
  version: 55.0.0
- name: elasticsearch
  repository: oci://registry-1.docker.io/bitnamicharts
  version: 21.0.0
- name: kibana
  repository: oci://registry-1.docker.io/bitnamicharts
  version: 12.0.0
digest: sha256:024a7d48699dbdd70d691e188243d0ff4cb8ea05a3d798573ff3d0a501d72269
generated: "2025-12-21T15:01:41.175240214+03:00"
